{
  "nodes": {
    "git-intro": {
      "flake": false,
      "locked": {
        "lastModified": 1692200335,
        "narHash": "sha256-HG3KIprIIQim7s6z34dvpm1c+xA/qTW5MliGGr7bCio=",
        "ref": "refs/heads/main",
        "rev": "e28a55899f0619a255c0c3dbc020fe113b3ea72c",
        "revCount": 38,
        "submodules": true,
        "type": "git",
        "url": "https://gitlab.mn.tu-dresden.de/s0428072/git-introduction"
      },
      "original": {
        "submodules": true,
        "type": "git",
        "url": "https://gitlab.mn.tu-dresden.de/s0428072/git-introduction"
      }
    },
    "nixpkgs": {
      "locked": {
        "lastModified": 1751949589,
        "narHash": "sha256-mgFxAPLWw0Kq+C8P3dRrZrOYEQXOtKuYVlo9xvPntt8=",
        "owner": "NixOS",
        "repo": "nixpkgs",
        "rev": "9b008d60392981ad674e04016d25619281550a9d",
        "type": "github"
      },
      "original": {
        "owner": "NixOS",
        "ref": "nixpkgs-unstable",
        "repo": "nixpkgs",
        "type": "github"
      }
    },
    "root": {
      "inputs": {
        "git-intro": "git-intro",
        "nixpkgs": "nixpkgs"
      }
    }
  },
  "root": "root",
  "version": 7
}
