{
  "nodes": {
    "git-intro": {
      "flake": false,
      "locked": {
        "lastModified": 1692200335,
        "narHash": "sha256-HG3KIprIIQim7s6z34dvpm1c+xA/qTW5MliGGr7bCio=",
        "ref": "refs/heads/main",
        "rev": "e28a55899f0619a255c0c3dbc020fe113b3ea72c",
        "revCount": 38,
        "submodules": true,
        "type": "git",
        "url": "https://gitlab.mn.tu-dresden.de/s0428072/git-introduction"
      },
      "original": {
        "submodules": true,
        "type": "git",
        "url": "https://gitlab.mn.tu-dresden.de/s0428072/git-introduction"
      }
    },
    "nixpkgs": {
      "locked": {
        "lastModified": 1770169770,
        "narHash": "sha256-awR8qIwJxJJiOmcEGgP2KUqYmHG4v/z8XpL9z8FnT1A=",
        "owner": "NixOS",
        "repo": "nixpkgs",
        "rev": "aa290c9891fa4ebe88f8889e59633d20cc06a5f2",
        "type": "github"
      },
      "original": {
        "owner": "NixOS",
        "ref": "nixpkgs-unstable",
        "repo": "nixpkgs",
        "type": "github"
      }
    },
    "root": {
      "inputs": {
        "git-intro": "git-intro",
        "nixpkgs": "nixpkgs"
      }
    }
  },
  "root": "root",
  "version": 7
}
